{
  "name": "mace",
  "lockfileVersion": 3,
  "requires": true,
  "packages": {
    "": {
      "dependencies": {
        "TailBliss": "github:nusserstudios/tailbliss"
      }
    },
    "node_modules/TailBliss": {
      "version": "0.1.1",
      "resolved": "git+ssh://git@github.com/nusserstudios/tailbliss.git#c76cf0d74888ceff836d5cb37d172d2ff6f14679",
      "license": "Apache-2.0"
    }
  }
}
